
Microsoft Visual Studio Solution File, Format Version 12.00
# Visual Studio Version 16
VisualStudioVersion = 16.0.810.7
MinimumVisualStudioVersion = 10.0.40219.1
Project("{FAE04EC0-301F-11D3-BF4B-00C04F79EFBC}") = "Lab_3", "Lab_3\Lab_3.csproj", "{739F54BB-2CA2-4E85-AB8A-2E6CE0FC18DC}"
EndProject
Global
	GlobalSection(SolutionConfigurationPlatforms) = preSolution
		Debug|Any CPU = Debug|Any CPU
		Release|Any CPU = Release|Any CPU
	EndGlobalSection
	GlobalSection(ProjectConfigurationPlatforms) = postSolution
		{739F54BB-2CA2-4E85-AB8A-2E6CE0FC18DC}.Debug|Any CPU.ActiveCfg = Debug|Any CPU
		{739F54BB-2CA2-4E85-AB8A-2E6CE0FC18DC}.Debug|Any CPU.Build.0 = Debug|Any CPU
		{739F54BB-2CA2-4E85-AB8A-2E6CE0FC18DC}.Release|Any CPU.ActiveCfg = Release|Any CPU
		{739F54BB-2CA2-4E85-AB8A-2E6CE0FC18DC}.Release|Any CPU.Build.0 = Release|Any CPU
	EndGlobalSection
	GlobalSection(SolutionProperties) = preSolution
		HideSolutionNode = FALSE
	EndGlobalSection
	GlobalSection(ExtensibilityGlobals) = postSolution
		SolutionGuid = {7EBE5C34-1910-4B94-AFE1-A9ED01921D59}
	EndGlobalSection
EndGlobal
