
Microsoft Visual Studio Solution File, Format Version 12.00
# Visual Studio Version 16
VisualStudioVersion = 16.0.810.7
MinimumVisualStudioVersion = 10.0.40219.1
Project("{FAE04EC0-301F-11D3-BF4B-00C04F79EFBC}") = "Lab_2", "Lab_2\Lab_2.csproj", "{D42AACA8-C89E-4561-9945-249DB15D199A}"
EndProject
Global
	GlobalSection(SolutionConfigurationPlatforms) = preSolution
		Debug|Any CPU = Debug|Any CPU
		Release|Any CPU = Release|Any CPU
	EndGlobalSection
	GlobalSection(ProjectConfigurationPlatforms) = postSolution
		{D42AACA8-C89E-4561-9945-249DB15D199A}.Debug|Any CPU.ActiveCfg = Debug|Any CPU
		{D42AACA8-C89E-4561-9945-249DB15D199A}.Debug|Any CPU.Build.0 = Debug|Any CPU
		{D42AACA8-C89E-4561-9945-249DB15D199A}.Release|Any CPU.ActiveCfg = Release|Any CPU
		{D42AACA8-C89E-4561-9945-249DB15D199A}.Release|Any CPU.Build.0 = Release|Any CPU
	EndGlobalSection
	GlobalSection(SolutionProperties) = preSolution
		HideSolutionNode = FALSE
	EndGlobalSection
	GlobalSection(ExtensibilityGlobals) = postSolution
		SolutionGuid = {C1D2A801-5ED2-437A-BFA1-5C51041E88AA}
	EndGlobalSection
EndGlobal
